{
  "name": "divine-binary-object-dev",
  "version": "0.0.41",
  "lockfileVersion": 2,
  "requires": true,
  "packages": {
    "": {
      "name": "divine-binary-object-dev",
      "version": "0.0.41",
      "license": "MIT",
      "dependencies": {
        "divine-voxel-engine": "^1.2.53"
      },
      "devDependencies": {
        "@types/node": "^18.7.15"
      }
    },
    "node_modules/@types/node": {
      "version": "18.7.15",
      "dev": true,
      "license": "MIT"
    },
    "node_modules/babylonjs": {
      "version": "5.47.0",
      "resolved": "https://registry.npmjs.org/babylonjs/-/babylonjs-5.47.0.tgz",
      "integrity": "sha512-Cr8EUq0Vk3PB+1AjTsPLNm8q9cVbfk3DfKh5TlGYLqerNbxQTmZ8PdyJejkF9Cq0dnwaM1Fv2k8sU7z0JEsKNw==",
      "hasInstallScript": true
    },
    "node_modules/divine-binary-object": {
      "version": "0.0.45",
      "resolved": "https://registry.npmjs.org/divine-binary-object/-/divine-binary-object-0.0.45.tgz",
      "integrity": "sha512-gu6tdoSAbEYmR/zqusGukth9RV+Qt6mITfQY9MtkkaqCE14/do5AJEOSjn5AVEl0Cxd2WVlEpdgxSJYZ8HDRyg=="
    },
    "node_modules/divine-binary-tags": {
      "version": "0.0.5",
      "resolved": "https://registry.npmjs.org/divine-binary-tags/-/divine-binary-tags-0.0.5.tgz",
      "integrity": "sha512-549nzGJFgu3QMqHnEQ8WVb5kgnVqk3iRjjIKDzEkKzUsGHMLaU88nnGnYWrx1dd4bnOM43R+ZcN/4nFuTv7Erw=="
    },
    "node_modules/divine-hooks": {
      "version": "0.0.4",
      "resolved": "https://registry.npmjs.org/divine-hooks/-/divine-hooks-0.0.4.tgz",
      "integrity": "sha512-Y1aQnypW86cyKb6ylH6fuTB+97POlmkoWGThU0IEU5o6BLDPQKPvFfsTJPU4wPb5Uyash305ypXVh82pfvjlng=="
    },
    "node_modules/divine-shaders": {
      "version": "0.0.0",
      "resolved": "https://registry.npmjs.org/divine-shaders/-/divine-shaders-0.0.0.tgz",
      "integrity": "sha512-cOu2L8WgUCPhyZzljCpsGU9DrnEBFd2Q+RW1+7jCBzdQAVZsOxBtxcjCvo1n/XjXjrmS6HCC7MsQ9etvPCDCmA=="
    },
    "node_modules/divine-voxel-engine": {
      "version": "1.2.53",
      "resolved": "https://registry.npmjs.org/divine-voxel-engine/-/divine-voxel-engine-1.2.53.tgz",
      "integrity": "sha512-zM3aS/HTSQyuQyl5QV3c/RkqK9Rqvqh5D2uO46YodILsVdGZJUsapb8C/OiABL85D3tcLLC/L/8dl6iYi7q9Zg==",
      "dependencies": {
        "babylonjs": "^5.46.0",
        "divine-binary-object": "^0.0.45",
        "divine-binary-tags": "^0.0.5",
        "divine-hooks": "^0.0.4",
        "divine-shaders": "^0.0.0",
        "threadcomm": "^0.0.9",
        "voxelspaces": "^1.0.1"
      }
    },
    "node_modules/threadcomm": {
      "version": "0.0.9",
      "resolved": "https://registry.npmjs.org/threadcomm/-/threadcomm-0.0.9.tgz",
      "integrity": "sha512-DUGMEay+uoGvrvBBunBnh0Q/oeIEOt8uqE1Zm5PtIMj3FdKhvBzNU0FI2oFvFGvrLDATml0QDNbezN1qA5MBNA=="
    },
    "node_modules/voxelspaces": {
      "version": "1.0.1",
      "resolved": "https://registry.npmjs.org/voxelspaces/-/voxelspaces-1.0.1.tgz",
      "integrity": "sha512-HT1nCeaQLd901xCpP/7QoeQ0iOiVQaviq74utNHnL5MfRAJ0kaJ5nxhpFDXHhkE2frr8BK3odVsnWpztQu6nKw=="
    }
  },
  "dependencies": {
    "@types/node": {
      "version": "18.7.15",
      "dev": true
    },
    "babylonjs": {
      "version": "5.47.0",
      "resolved": "https://registry.npmjs.org/babylonjs/-/babylonjs-5.47.0.tgz",
      "integrity": "sha512-Cr8EUq0Vk3PB+1AjTsPLNm8q9cVbfk3DfKh5TlGYLqerNbxQTmZ8PdyJejkF9Cq0dnwaM1Fv2k8sU7z0JEsKNw=="
    },
    "divine-binary-object": {
      "version": "0.0.45",
      "resolved": "https://registry.npmjs.org/divine-binary-object/-/divine-binary-object-0.0.45.tgz",
      "integrity": "sha512-gu6tdoSAbEYmR/zqusGukth9RV+Qt6mITfQY9MtkkaqCE14/do5AJEOSjn5AVEl0Cxd2WVlEpdgxSJYZ8HDRyg=="
    },
    "divine-binary-tags": {
      "version": "0.0.5",
      "resolved": "https://registry.npmjs.org/divine-binary-tags/-/divine-binary-tags-0.0.5.tgz",
      "integrity": "sha512-549nzGJFgu3QMqHnEQ8WVb5kgnVqk3iRjjIKDzEkKzUsGHMLaU88nnGnYWrx1dd4bnOM43R+ZcN/4nFuTv7Erw=="
    },
    "divine-hooks": {
      "version": "0.0.4",
      "resolved": "https://registry.npmjs.org/divine-hooks/-/divine-hooks-0.0.4.tgz",
      "integrity": "sha512-Y1aQnypW86cyKb6ylH6fuTB+97POlmkoWGThU0IEU5o6BLDPQKPvFfsTJPU4wPb5Uyash305ypXVh82pfvjlng=="
    },
    "divine-shaders": {
      "version": "0.0.0",
      "resolved": "https://registry.npmjs.org/divine-shaders/-/divine-shaders-0.0.0.tgz",
      "integrity": "sha512-cOu2L8WgUCPhyZzljCpsGU9DrnEBFd2Q+RW1+7jCBzdQAVZsOxBtxcjCvo1n/XjXjrmS6HCC7MsQ9etvPCDCmA=="
    },
    "divine-voxel-engine": {
      "version": "1.2.53",
      "resolved": "https://registry.npmjs.org/divine-voxel-engine/-/divine-voxel-engine-1.2.53.tgz",
      "integrity": "sha512-zM3aS/HTSQyuQyl5QV3c/RkqK9Rqvqh5D2uO46YodILsVdGZJUsapb8C/OiABL85D3tcLLC/L/8dl6iYi7q9Zg==",
      "requires": {
        "babylonjs": "^5.46.0",
        "divine-binary-object": "^0.0.45",
        "divine-binary-tags": "^0.0.5",
        "divine-hooks": "^0.0.4",
        "divine-shaders": "^0.0.0",
        "threadcomm": "^0.0.9",
        "voxelspaces": "^1.0.1"
      }
    },
    "threadcomm": {
      "version": "0.0.9",
      "resolved": "https://registry.npmjs.org/threadcomm/-/threadcomm-0.0.9.tgz",
      "integrity": "sha512-DUGMEay+uoGvrvBBunBnh0Q/oeIEOt8uqE1Zm5PtIMj3FdKhvBzNU0FI2oFvFGvrLDATml0QDNbezN1qA5MBNA=="
    },
    "voxelspaces": {
      "version": "1.0.1",
      "resolved": "https://registry.npmjs.org/voxelspaces/-/voxelspaces-1.0.1.tgz",
      "integrity": "sha512-HT1nCeaQLd901xCpP/7QoeQ0iOiVQaviq74utNHnL5MfRAJ0kaJ5nxhpFDXHhkE2frr8BK3odVsnWpztQu6nKw=="
    }
  }
}
